
Microsoft Visual Studio Solution File, Format Version 12.00
# Visual Studio 15
VisualStudioVersion = 15.0.28307.1062
MinimumVisualStudioVersion = 10.0.40219.1
Project("{9A19103F-16F7-4668-BE54-9A1E7A4F7556}") = "ConsoleApp3ML.Model", "ConsoleApp3ML.Model\ConsoleApp3ML.Model.csproj", "{1355DAF5-B042-4AA3-8BDB-85A8DB3A7464}"
EndProject
Project("{9A19103F-16F7-4668-BE54-9A1E7A4F7556}") = "ConsoleApp3ML.ConsoleApp", "ConsoleApp3ML.ConsoleApp\ConsoleApp3ML.ConsoleApp.csproj", "{386DC5FE-9E72-4060-8825-93058F6794F8}"
EndProject
Project("{FAE04EC0-301F-11D3-BF4B-00C04F79EFBC}") = "ConsoleApp1", "ConsoleApp1\ConsoleApp1.csproj", "{C7256E29-83C4-4092-8B3C-E04EF2B63106}"
EndProject
Global
	GlobalSection(SolutionConfigurationPlatforms) = preSolution
		Debug|Any CPU = Debug|Any CPU
		Debug|x64 = Debug|x64
		Release|Any CPU = Release|Any CPU
		Release|x64 = Release|x64
	EndGlobalSection
	GlobalSection(ProjectConfigurationPlatforms) = postSolution
		{1355DAF5-B042-4AA3-8BDB-85A8DB3A7464}.Debug|Any CPU.ActiveCfg = Debug|Any CPU
		{1355DAF5-B042-4AA3-8BDB-85A8DB3A7464}.Debug|Any CPU.Build.0 = Debug|Any CPU
		{1355DAF5-B042-4AA3-8BDB-85A8DB3A7464}.Debug|x64.ActiveCfg = Debug|x64
		{1355DAF5-B042-4AA3-8BDB-85A8DB3A7464}.Debug|x64.Build.0 = Debug|x64
		{1355DAF5-B042-4AA3-8BDB-85A8DB3A7464}.Release|Any CPU.ActiveCfg = Release|Any CPU
		{1355DAF5-B042-4AA3-8BDB-85A8DB3A7464}.Release|Any CPU.Build.0 = Release|Any CPU
		{1355DAF5-B042-4AA3-8BDB-85A8DB3A7464}.Release|x64.ActiveCfg = Release|x64
		{1355DAF5-B042-4AA3-8BDB-85A8DB3A7464}.Release|x64.Build.0 = Release|x64
		{386DC5FE-9E72-4060-8825-93058F6794F8}.Debug|Any CPU.ActiveCfg = Debug|Any CPU
		{386DC5FE-9E72-4060-8825-93058F6794F8}.Debug|Any CPU.Build.0 = Debug|Any CPU
		{386DC5FE-9E72-4060-8825-93058F6794F8}.Debug|x64.ActiveCfg = Debug|x64
		{386DC5FE-9E72-4060-8825-93058F6794F8}.Debug|x64.Build.0 = Debug|x64
		{386DC5FE-9E72-4060-8825-93058F6794F8}.Release|Any CPU.ActiveCfg = Release|Any CPU
		{386DC5FE-9E72-4060-8825-93058F6794F8}.Release|Any CPU.Build.0 = Release|Any CPU
		{386DC5FE-9E72-4060-8825-93058F6794F8}.Release|x64.ActiveCfg = Release|x64
		{386DC5FE-9E72-4060-8825-93058F6794F8}.Release|x64.Build.0 = Release|x64
		{C7256E29-83C4-4092-8B3C-E04EF2B63106}.Debug|Any CPU.ActiveCfg = Debug|Any CPU
		{C7256E29-83C4-4092-8B3C-E04EF2B63106}.Debug|Any CPU.Build.0 = Debug|Any CPU
		{C7256E29-83C4-4092-8B3C-E04EF2B63106}.Debug|x64.ActiveCfg = Debug|Any CPU
		{C7256E29-83C4-4092-8B3C-E04EF2B63106}.Debug|x64.Build.0 = Debug|Any CPU
		{C7256E29-83C4-4092-8B3C-E04EF2B63106}.Release|Any CPU.ActiveCfg = Release|Any CPU
		{C7256E29-83C4-4092-8B3C-E04EF2B63106}.Release|Any CPU.Build.0 = Release|Any CPU
		{C7256E29-83C4-4092-8B3C-E04EF2B63106}.Release|x64.ActiveCfg = Release|Any CPU
		{C7256E29-83C4-4092-8B3C-E04EF2B63106}.Release|x64.Build.0 = Release|Any CPU
	EndGlobalSection
	GlobalSection(SolutionProperties) = preSolution
		HideSolutionNode = FALSE
	EndGlobalSection
	GlobalSection(ExtensibilityGlobals) = postSolution
		SolutionGuid = {EE347630-5F04-4B3F-8375-1725A0560E4D}
	EndGlobalSection
EndGlobal
